{
  "dependencies": {
    "elastos-wallet-js": {
      "version": "git://github.com/johnnynanjiang/Elastos.SDK.Keypair.Javascript.git#491dc51b64efaf0a8aae62028b68e2c8e38fde06",
      "dependencies": {
        "bitcore-lib-p256": {
          "version": "0.16.0",
          "dependencies": {
            "lodash": {
              "version": "4.17.12"
            }
          }
        }
      }
    }
  }
}
